// !$*UTF8*$!
{
	archiveVersion = 1;
	classes = {
	};
	objectVersion = 77;
	objects = {

/* Begin PBXBuildFile section */
		EBA5C5272DD0A40D00599084 /* ElKeyboardExtension.appex in Embed Foundation Extensions */ = {isa = PBXBuildFile; fileRef = EBA5C5202DD0A40C00599084 /* ElKeyboardExtension.appex */; settings = {ATTRIBUTES = (RemoveHeadersOnCopy, ); }; };
/* End PBXBuildFile section */

/* Begin PBXContainerItemProxy section */
		EBA5C5002DCF935300599084 /* PBXContainerItemProxy */ = {
			isa = PBXContainerItemProxy;
			containerPortal = EBA5C4E72DCF935000599084 /* Project object */;
			proxyType = 1;
			remoteGlobalIDString = EBA5C4EE2DCF935000599084;
			remoteInfo = ElKeyboard;
		};
		EBA5C50A2DCF935300599084 /* PBXContainerItemProxy */ = {
			isa = PBXContainerItemProxy;
			containerPortal = EBA5C4E72DCF935000599084 /* Project object */;
			proxyType = 1;
			remoteGlobalIDString = EBA5C4EE2DCF935000599084;
			remoteInfo = ElKeyboard;
		};
		EBA5C5252DD0A40D00599084 /* PBXContainerItemProxy */ = {
			isa = PBXContainerItemProxy;
			containerPortal = EBA5C4E72DCF935000599084 /* Project object */;
			proxyType = 1;
			remoteGlobalIDString = EBA5C51F2DD0A40C00599084;
			remoteInfo = ElKeyboardExtension;
		};
/* End PBXContainerItemProxy section */

/* Begin PBXCopyFilesBuildPhase section */
		EBA5C52C2DD0A40D00599084 /* Embed Foundation Extensions */ = {
			isa = PBXCopyFilesBuildPhase;
			buildActionMask = 2147483647;
			dstPath = "";
			dstSubfolderSpec = 13;
			files = (
				EBA5C5272DD0A40D00599084 /* ElKeyboardExtension.appex in Embed Foundation Extensions */,
			);
			name = "Embed Foundation Extensions";
			runOnlyForDeploymentPostprocessing = 0;
		};
/* End PBXCopyFilesBuildPhase section */

/* Begin PBXFileReference section */
		EBA5C4EF2DCF935000599084 /* ElKeyboard.app */ = {isa = PBXFileReference; explicitFileType = wrapper.application; includeInIndex = 0; path = ElKeyboard.app; sourceTree = BUILT_PRODUCTS_DIR; };
		EBA5C4FF2DCF935300599084 /* ElKeyboardTests.xctest */ = {isa = PBXFileReference; explicitFileType = wrapper.cfbundle; includeInIndex = 0; path = ElKeyboardTests.xctest; sourceTree = BUILT_PRODUCTS_DIR; };
		EBA5C5092DCF935300599084 /* ElKeyboardUITests.xctest */ = {isa = PBXFileReference; explicitFileType = wrapper.cfbundle; includeInIndex = 0; path = ElKeyboardUITests.xctest; sourceTree = BUILT_PRODUCTS_DIR; };
		EBA5C5202DD0A40C00599084 /* ElKeyboardExtension.appex */ = {isa = PBXFileReference; explicitFileType = "wrapper.app-extension"; includeInIndex = 0; path = ElKeyboardExtension.appex; sourceTree = BUILT_PRODUCTS_DIR; };
/* End PBXFileReference section */

/* Begin PBXFileSystemSynchronizedBuildFileExceptionSet section */
		EBA5C5282DD0A40D00599084 /* Exceptions for "ElKeyboardExtension" folder in "ElKeyboardExtension" target */ = {
			isa = PBXFileSystemSynchronizedBuildFileExceptionSet;
			membershipExceptions = (
				Info.plist,
			);
			target = EBA5C51F2DD0A40C00599084 /* ElKeyboardExtension */;
		};
/* End PBXFileSystemSynchronizedBuildFileExceptionSet section */

/* Begin PBXFileSystemSynchronizedRootGroup section */
		EBA5C4F12DCF935000599084 /* ElKeyboard */ = {
			isa = PBXFileSystemSynchronizedRootGroup;
			path = ElKeyboard;
			sourceTree = "<group>";
		};
		EBA5C5022DCF935300599084 /* ElKeyboardTests */ = {
			isa = PBXFileSystemSynchronizedRootGroup;
			path = ElKeyboardTests;
			sourceTree = "<group>";
		};
		EBA5C50C2DCF935300599084 /* ElKeyboardUITests */ = {
			isa = PBXFileSystemSynchronizedRootGroup;
			path = ElKeyboardUITests;
			sourceTree = "<group>";
		};
		EBA5C5212DD0A40D00599084 /* ElKeyboardExtension */ = {
			isa = PBXFileSystemSynchronizedRootGroup;
			exceptions = (
				EBA5C5282DD0A40D00599084 /* Exceptions for "ElKeyboardExtension" folder in "ElKeyboardExtension" target */,
			);
			path = ElKeyboardExtension;
			sourceTree = "<group>";
		};
/* End PBXFileSystemSynchronizedRootGroup section */

/* Begin PBXFrameworksBuildPhase section */
		EBA5C4EC2DCF935000599084 /* Frameworks */ = {
			isa = PBXFrameworksBuildPhase;
			buildActionMask = 2147483647;
			files = (
			);
			runOnlyForDeploymentPostprocessing = 0;
		};
		EBA5C4FC2DCF935300599084 /* Frameworks */ = {
			isa = PBXFrameworksBuildPhase;
			buildActionMask = 2147483647;
			files = (
			);
			runOnlyForDeploymentPostprocessing = 0;
		};
		EBA5C5062DCF935300599084 /* Frameworks */ = {
			isa = PBXFrameworksBuildPhase;
			buildActionMask = 2147483647;
			files = (
			);
			runOnlyForDeploymentPostprocessing = 0;
		};
		EBA5C51D2DD0A40C00599084 /* Frameworks */ = {
			isa = PBXFrameworksBuildPhase;
			buildActionMask = 2147483647;
			files = (
			);
			runOnlyForDeploymentPostprocessing = 0;
		};
/* End PBXFrameworksBuildPhase section */

/* Begin PBXGroup section */
		EBA5C4E62DCF935000599084 = {
			isa = PBXGroup;
			children = (
				EBA5C4F12DCF935000599084 /* ElKeyboard */,
				EBA5C5022DCF935300599084 /* ElKeyboardTests */,
				EBA5C50C2DCF935300599084 /* ElKeyboardUITests */,
				EBA5C5212DD0A40D00599084 /* ElKeyboardExtension */,
				EBA5C4F02DCF935000599084 /* Products */,
			);
			sourceTree = "<group>";
		};
		EBA5C4F02DCF935000599084 /* Products */ = {
			isa = PBXGroup;
			children = (
				EBA5C4EF2DCF935000599084 /* ElKeyboard.app */,
				EBA5C4FF2DCF935300599084 /* ElKeyboardTests.xctest */,
				EBA5C5092DCF935300599084 /* ElKeyboardUITests.xctest */,
				EBA5C5202DD0A40C00599084 /* ElKeyboardExtension.appex */,
			);
			name = Products;
			sourceTree = "<group>";
		};
/* End PBXGroup section */

/* Begin PBXNativeTarget section */
		EBA5C4EE2DCF935000599084 /* ElKeyboard */ = {
			isa = PBXNativeTarget;
			buildConfigurationList = EBA5C5132DCF935300599084 /* Build configuration list for PBXNativeTarget "ElKeyboard" */;
			buildPhases = (
				EBA5C4EB2DCF935000599084 /* Sources */,
				EBA5C4EC2DCF935000599084 /* Frameworks */,
				EBA5C4ED2DCF935000599084 /* Resources */,
				EBA5C52C2DD0A40D00599084 /* Embed Foundation Extensions */,
			);
			buildRules = (
			);
			dependencies = (
				EBA5C5262DD0A40D00599084 /* PBXTargetDependency */,
			);
			fileSystemSynchronizedGroups = (
				EBA5C4F12DCF935000599084 /* ElKeyboard */,
			);
			name = ElKeyboard;
			packageProductDependencies = (
			);
			productName = ElKeyboard;
			productReference = EBA5C4EF2DCF935000599084 /* ElKeyboard.app */;
			productType = "com.apple.product-type.application";
		};
		EBA5C4FE2DCF935300599084 /* ElKeyboardTests */ = {
			isa = PBXNativeTarget;
			buildConfigurationList = EBA5C5162DCF935300599084 /* Build configuration list for PBXNativeTarget "ElKeyboardTests" */;
			buildPhases = (
				EBA5C4FB2DCF935300599084 /* Sources */,
				EBA5C4FC2DCF935300599084 /* Frameworks */,
				EBA5C4FD2DCF935300599084 /* Resources */,
			);
			buildRules = (
			);
			dependencies = (
				EBA5C5012DCF935300599084 /* PBXTargetDependency */,
			);
			fileSystemSynchronizedGroups = (
				EBA5C5022DCF935300599084 /* ElKeyboardTests */,
			);
			name = ElKeyboardTests;
			packageProductDependencies = (
			);
			productName = ElKeyboardTests;
			productReference = EBA5C4FF2DCF935300599084 /* ElKeyboardTests.xctest */;
			productType = "com.apple.product-type.bundle.unit-test";
		};
		EBA5C5082DCF935300599084 /* ElKeyboardUITests */ = {
			isa = PBXNativeTarget;
			buildConfigurationList = EBA5C5192DCF935300599084 /* Build configuration list for PBXNativeTarget "ElKeyboardUITests" */;
			buildPhases = (
				EBA5C5052DCF935300599084 /* Sources */,
				EBA5C5062DCF935300599084 /* Frameworks */,
				EBA5C5072DCF935300599084 /* Resources */,
			);
			buildRules = (
			);
			dependencies = (
				EBA5C50B2DCF935300599084 /* PBXTargetDependency */,
			);
			fileSystemSynchronizedGroups = (
				EBA5C50C2DCF935300599084 /* ElKeyboardUITests */,
			);
			name = ElKeyboardUITests;
			packageProductDependencies = (
			);
			productName = ElKeyboardUITests;
			productReference = EBA5C5092DCF935300599084 /* ElKeyboardUITests.xctest */;
			productType = "com.apple.product-type.bundle.ui-testing";
		};
		EBA5C51F2DD0A40C00599084 /* ElKeyboardExtension */ = {
			isa = PBXNativeTarget;
			buildConfigurationList = EBA5C5292DD0A40D00599084 /* Build configuration list for PBXNativeTarget "ElKeyboardExtension" */;
			buildPhases = (
				EBA5C51C2DD0A40C00599084 /* Sources */,
				EBA5C51D2DD0A40C00599084 /* Frameworks */,
				EBA5C51E2DD0A40C00599084 /* Resources */,
			);
			buildRules = (
			);
			dependencies = (
			);
			fileSystemSynchronizedGroups = (
				EBA5C5212DD0A40D00599084 /* ElKeyboardExtension */,
			);
			name = ElKeyboardExtension;
			packageProductDependencies = (
			);
			productName = ElKeyboardExtension;
			productReference = EBA5C5202DD0A40C00599084 /* ElKeyboardExtension.appex */;
			productType = "com.apple.product-type.app-extension";
		};
/* End PBXNativeTarget section */

/* Begin PBXProject section */
		EBA5C4E72DCF935000599084 /* Project object */ = {
			isa = PBXProject;
			attributes = {
				BuildIndependentTargetsInParallel = 1;
				LastSwiftUpdateCheck = 1620;
				LastUpgradeCheck = 1620;
				TargetAttributes = {
					EBA5C4EE2DCF935000599084 = {
						CreatedOnToolsVersion = 16.2;
					};
					EBA5C4FE2DCF935300599084 = {
						CreatedOnToolsVersion = 16.2;
						TestTargetID = EBA5C4EE2DCF935000599084;
					};
					EBA5C5082DCF935300599084 = {
						CreatedOnToolsVersion = 16.2;
						TestTargetID = EBA5C4EE2DCF935000599084;
					};
					EBA5C51F2DD0A40C00599084 = {
						CreatedOnToolsVersion = 16.2;
					};
				};
			};
			buildConfigurationList = EBA5C4EA2DCF935000599084 /* Build configuration list for PBXProject "ElKeyboard" */;
			developmentRegion = en;
			hasScannedForEncodings = 0;
			knownRegions = (
				en,
				Base,
			);
			mainGroup = EBA5C4E62DCF935000599084;
			minimizedProjectReferenceProxies = 1;
			preferredProjectObjectVersion = 77;
			productRefGroup = EBA5C4F02DCF935000599084 /* Products */;
			projectDirPath = "";
			projectRoot = "";
			targets = (
				EBA5C4EE2DCF935000599084 /* ElKeyboard */,
				EBA5C4FE2DCF935300599084 /* ElKeyboardTests */,
				EBA5C5082DCF935300599084 /* ElKeyboardUITests */,
				EBA5C51F2DD0A40C00599084 /* ElKeyboardExtension */,
			);
		};
/* End PBXProject section */

/* Begin PBXResourcesBuildPhase section */
		EBA5C4ED2DCF935000599084 /* Resources */ = {
			isa = PBXResourcesBuildPhase;
			buildActionMask = 2147483647;
			files = (
			);
			runOnlyForDeploymentPostprocessing = 0;
		};
		EBA5C4FD2DCF935300599084 /* Resources */ = {
			isa = PBXResourcesBuildPhase;
			buildActionMask = 2147483647;
			files = (
			);
			runOnlyForDeploymentPostprocessing = 0;
		};
		EBA5C5072DCF935300599084 /* Resources */ = {
			isa = PBXResourcesBuildPhase;
			buildActionMask = 2147483647;
			files = (
			);
			runOnlyForDeploymentPostprocessing = 0;
		};
		EBA5C51E2DD0A40C00599084 /* Resources */ = {
			isa = PBXResourcesBuildPhase;
			buildActionMask = 2147483647;
			files = (
			);
			runOnlyForDeploymentPostprocessing = 0;
		};
/* End PBXResourcesBuildPhase section */

/* Begin PBXSourcesBuildPhase section */
		EBA5C4EB2DCF935000599084 /* Sources */ = {
			isa = PBXSourcesBuildPhase;
			buildActionMask = 2147483647;
			files = (
			);
			runOnlyForDeploymentPostprocessing = 0;
		};
		EBA5C4FB2DCF935300599084 /* Sources */ = {
			isa = PBXSourcesBuildPhase;
			buildActionMask = 2147483647;
			files = (
			);
			runOnlyForDeploymentPostprocessing = 0;
		};
		EBA5C5052DCF935300599084 /* Sources */ = {
			isa = PBXSourcesBuildPhase;
			buildActionMask = 2147483647;
			files = (
			);
			runOnlyForDeploymentPostprocessing = 0;
		};
		EBA5C51C2DD0A40C00599084 /* Sources */ = {
			isa = PBXSourcesBuildPhase;
			buildActionMask = 2147483647;
			files = (
			);
			runOnlyForDeploymentPostprocessing = 0;
		};
/* End PBXSourcesBuildPhase section */

/* Begin PBXTargetDependency section */
		EBA5C5012DCF935300599084 /* PBXTargetDependency */ = {
			isa = PBXTargetDependency;
			target = EBA5C4EE2DCF935000599084 /* ElKeyboard */;
			targetProxy = EBA5C5002DCF935300599084 /* PBXContainerItemProxy */;
		};
		EBA5C50B2DCF935300599084 /* PBXTargetDependency */ = {
			isa = PBXTargetDependency;
			target = EBA5C4EE2DCF935000599084 /* ElKeyboard */;
			targetProxy = EBA5C50A2DCF935300599084 /* PBXContainerItemProxy */;
		};
		EBA5C5262DD0A40D00599084 /* PBXTargetDependency */ = {
			isa = PBXTargetDependency;
			target = EBA5C51F2DD0A40C00599084 /* ElKeyboardExtension */;
			targetProxy = EBA5C5252DD0A40D00599084 /* PBXContainerItemProxy */;
		};
/* End PBXTargetDependency section */

/* Begin XCBuildConfiguration section */
		EBA5C5112DCF935300599084 /* Debug */ = {
			isa = XCBuildConfiguration;
			buildSettings = {
				ALWAYS_SEARCH_USER_PATHS = NO;
				ASSETCATALOG_COMPILER_GENERATE_SWIFT_ASSET_SYMBOL_EXTENSIONS = YES;
				CLANG_ANALYZER_NONNULL = YES;
				CLANG_ANALYZER_NUMBER_OBJECT_CONVERSION = YES_AGGRESSIVE;
				CLANG_CXX_LANGUAGE_STANDARD = "gnu++20";
				CLANG_ENABLE_MODULES = YES;
				CLANG_ENABLE_OBJC_ARC = YES;
				CLANG_ENABLE_OBJC_WEAK = YES;
				CLANG_WARN_BLOCK_CAPTURE_AUTORELEASING = YES;
				CLANG_WARN_BOOL_CONVERSION = YES;
				CLANG_WARN_COMMA = YES;
				CLANG_WARN_CONSTANT_CONVERSION = YES;
				CLANG_WARN_DEPRECATED_OBJC_IMPLEMENTATIONS = YES;
				CLANG_WARN_DIRECT_OBJC_ISA_USAGE = YES_ERROR;
				CLANG_WARN_DOCUMENTATION_COMMENTS = YES;
				CLANG_WARN_EMPTY_BODY = YES;
				CLANG_WARN_ENUM_CONVERSION = YES;
				CLANG_WARN_INFINITE_RECURSION = YES;
				CLANG_WARN_INT_CONVERSION = YES;
				CLANG_WARN_NON_LITERAL_NULL_CONVERSION = YES;
				CLANG_WARN_OBJC_IMPLICIT_RETAIN_SELF = YES;
				CLANG_WARN_OBJC_LITERAL_CONVERSION = YES;
				CLANG_WARN_OBJC_ROOT_CLASS = YES_ERROR;
				CLANG_WARN_QUOTED_INCLUDE_IN_FRAMEWORK_HEADER = YES;
				CLANG_WARN_RANGE_LOOP_ANALYSIS = YES;
				CLANG_WARN_STRICT_PROTOTYPES = YES;
				CLANG_WARN_SUSPICIOUS_MOVE = YES;
				CLANG_WARN_UNGUARDED_AVAILABILITY = YES_AGGRESSIVE;
				CLANG_WARN_UNREACHABLE_CODE = YES;
				CLANG_WARN__DUPLICATE_METHOD_MATCH = YES;
				COPY_PHASE_STRIP = NO;
				DEBUG_INFORMATION_FORMAT = dwarf;
				ENABLE_STRICT_OBJC_MSGSEND = YES;
				ENABLE_TESTABILITY = YES;
				ENABLE_USER_SCRIPT_SANDBOXING = YES;
				GCC_C_LANGUAGE_STANDARD = gnu17;
				GCC_DYNAMIC_NO_PIC = NO;
				GCC_NO_COMMON_BLOCKS = YES;
				GCC_OPTIMIZATION_LEVEL = 0;
				GCC_PREPROCESSOR_DEFINITIONS = (
					"DEBUG=1",
					"$(inherited)",
				);
				GCC_WARN_64_TO_32_BIT_CONVERSION = YES;
				GCC_WARN_ABOUT_RETURN_TYPE = YES_ERROR;
				GCC_WARN_UNDECLARED_SELECTOR = YES;
				GCC_WARN_UNINITIALIZED_AUTOS = YES_AGGRESSIVE;
				GCC_WARN_UNUSED_FUNCTION = YES;
				GCC_WARN_UNUSED_VARIABLE = YES;
				IPHONEOS_DEPLOYMENT_TARGET = 18.2;
				LOCALIZATION_PREFERS_STRING_CATALOGS = YES;
				MTL_ENABLE_DEBUG_INFO = INCLUDE_SOURCE;
				MTL_FAST_MATH = YES;
				ONLY_ACTIVE_ARCH = YES;
				SDKROOT = iphoneos;
				SWIFT_ACTIVE_COMPILATION_CONDITIONS = "DEBUG $(inherited)";
				SWIFT_OPTIMIZATION_LEVEL = "-Onone";
			};
			name = Debug;
		};
		EBA5C5122DCF935300599084 /* Release */ = {
			isa = XCBuildConfiguration;
			buildSettings = {
				ALWAYS_SEARCH_USER_PATHS = NO;
				ASSETCATALOG_COMPILER_GENERATE_SWIFT_ASSET_SYMBOL_EXTENSIONS = YES;
				CLANG_ANALYZER_NONNULL = YES;
				CLANG_ANALYZER_NUMBER_OBJECT_CONVERSION = YES_AGGRESSIVE;
				CLANG_CXX_LANGUAGE_STANDARD = "gnu++20";
				CLANG_ENABLE_MODULES = YES;
				CLANG_ENABLE_OBJC_ARC = YES;
				CLANG_ENABLE_OBJC_WEAK = YES;
				CLANG_WARN_BLOCK_CAPTURE_AUTORELEASING = YES;
				CLANG_WARN_BOOL_CONVERSION = YES;
				CLANG_WARN_COMMA = YES;
				CLANG_WARN_CONSTANT_CONVERSION = YES;
				CLANG_WARN_DEPRECATED_OBJC_IMPLEMENTATIONS = YES;
				CLANG_WARN_DIRECT_OBJC_ISA_USAGE = YES_ERROR;
				CLANG_WARN_DOCUMENTATION_COMMENTS = YES;
				CLANG_WARN_EMPTY_BODY = YES;
				CLANG_WARN_ENUM_CONVERSION = YES;
				CLANG_WARN_INFINITE_RECURSION = YES;
				CLANG_WARN_INT_CONVERSION = YES;
				CLANG_WARN_NON_LITERAL_NULL_CONVERSION = YES;
				CLANG_WARN_OBJC_IMPLICIT_RETAIN_SELF = YES;
				CLANG_WARN_OBJC_LITERAL_CONVERSION = YES;
				CLANG_WARN_OBJC_ROOT_CLASS = YES_ERROR;
				CLANG_WARN_QUOTED_INCLUDE_IN_FRAMEWORK_HEADER = YES;
				CLANG_WARN_RANGE_LOOP_ANALYSIS = YES;
				CLANG_WARN_STRICT_PROTOTYPES = YES;
				CLANG_WARN_SUSPICIOUS_MOVE = YES;
				CLANG_WARN_UNGUARDED_AVAILABILITY = YES_AGGRESSIVE;
				CLANG_WARN_UNREACHABLE_CODE = YES;
				CLANG_WARN__DUPLICATE_METHOD_MATCH = YES;
				COPY_PHASE_STRIP = NO;
				DEBUG_INFORMATION_FORMAT = "dwarf-with-dsym";
				ENABLE_NS_ASSERTIONS = NO;
				ENABLE_STRICT_OBJC_MSGSEND = YES;
				ENABLE_USER_SCRIPT_SANDBOXING = YES;
				GCC_C_LANGUAGE_STANDARD = gnu17;
				GCC_NO_COMMON_BLOCKS = YES;
				GCC_WARN_64_TO_32_BIT_CONVERSION = YES;
				GCC_WARN_ABOUT_RETURN_TYPE = YES_ERROR;
				GCC_WARN_UNDECLARED_SELECTOR = YES;
				GCC_WARN_UNINITIALIZED_AUTOS = YES_AGGRESSIVE;
				GCC_WARN_UNUSED_FUNCTION = YES;
				GCC_WARN_UNUSED_VARIABLE = YES;
				IPHONEOS_DEPLOYMENT_TARGET = 18.2;
				LOCALIZATION_PREFERS_STRING_CATALOGS = YES;
				MTL_ENABLE_DEBUG_INFO = NO;
				MTL_FAST_MATH = YES;
				SDKROOT = iphoneos;
				SWIFT_COMPILATION_MODE = wholemodule;
				VALIDATE_PRODUCT = YES;
			};
			name = Release;
		};
		EBA5C5142DCF935300599084 /* Debug */ = {
			isa = XCBuildConfiguration;
			buildSettings = {
				ASSETCATALOG_COMPILER_APPICON_NAME = AppIcon;
				ASSETCATALOG_COMPILER_GLOBAL_ACCENT_COLOR_NAME = AccentColor;
				CODE_SIGN_STYLE = Automatic;
				CURRENT_PROJECT_VERSION = 1;
				DEVELOPMENT_ASSET_PATHS = "\"ElKeyboard/Preview Content\"";
				DEVELOPMENT_TEAM = 7465NL4X4Y;
				ENABLE_PREVIEWS = YES;
				GENERATE_INFOPLIST_FILE = YES;
				INFOPLIST_KEY_UIApplicationSceneManifest_Generation = YES;
				INFOPLIST_KEY_UIApplicationSupportsIndirectInputEvents = YES;
				INFOPLIST_KEY_UILaunchScreen_Generation = YES;
				INFOPLIST_KEY_UISupportedInterfaceOrientations_iPad = "UIInterfaceOrientationPortrait UIInterfaceOrientationPortraitUpsideDown UIInterfaceOrientationLandscapeLeft UIInterfaceOrientationLandscapeRight";
				INFOPLIST_KEY_UISupportedInterfaceOrientations_iPhone = "UIInterfaceOrientationPortrait UIInterfaceOrientationLandscapeLeft UIInterfaceOrientationLandscapeRight";
				LD_RUNPATH_SEARCH_PATHS = (
					"$(inherited)",
					"@executable_path/Frameworks",
				);
				MARKETING_VERSION = 1.0;
				PRODUCT_BUNDLE_IDENTIFIER = com.el.elkeyboard.ElKeyboard;
				PRODUCT_NAME = "$(TARGET_NAME)";
				SWIFT_EMIT_LOC_STRINGS = YES;
				SWIFT_VERSION = 5.0;
				TARGETED_DEVICE_FAMILY = "1,2";
			};
			name = Debug;
		};
		EBA5C5152DCF935300599084 /* Release */ = {
			isa = XCBuildConfiguration;
			buildSettings = {
				ASSETCATALOG_COMPILER_APPICON_NAME = AppIcon;
				ASSETCATALOG_COMPILER_GLOBAL_ACCENT_COLOR_NAME = AccentColor;
				CODE_SIGN_STYLE = Automatic;
				CURRENT_PROJECT_VERSION = 1;
				DEVELOPMENT_ASSET_PATHS = "\"ElKeyboard/Preview Content\"";
				DEVELOPMENT_TEAM = 7465NL4X4Y;
				ENABLE_PREVIEWS = YES;
				GENERATE_INFOPLIST_FILE = YES;
				INFOPLIST_KEY_UIApplicationSceneManifest_Generation = YES;
				INFOPLIST_KEY_UIApplicationSupportsIndirectInputEvents = YES;
				INFOPLIST_KEY_UILaunchScreen_Generation = YES;
				INFOPLIST_KEY_UISupportedInterfaceOrientations_iPad = "UIInterfaceOrientationPortrait UIInterfaceOrientationPortraitUpsideDown UIInterfaceOrientationLandscapeLeft UIInterfaceOrientationLandscapeRight";
				INFOPLIST_KEY_UISupportedInterfaceOrientations_iPhone = "UIInterfaceOrientationPortrait UIInterfaceOrientationLandscapeLeft UIInterfaceOrientationLandscapeRight";
				LD_RUNPATH_SEARCH_PATHS = (
					"$(inherited)",
					"@executable_path/Frameworks",
				);
				MARKETING_VERSION = 1.0;
				PRODUCT_BUNDLE_IDENTIFIER = com.el.elkeyboard.ElKeyboard;
				PRODUCT_NAME = "$(TARGET_NAME)";
				SWIFT_EMIT_LOC_STRINGS = YES;
				SWIFT_VERSION = 5.0;
				TARGETED_DEVICE_FAMILY = "1,2";
			};
			name = Release;
		};
		EBA5C5172DCF935300599084 /* Debug */ = {
			isa = XCBuildConfiguration;
			buildSettings = {
				BUNDLE_LOADER = "$(TEST_HOST)";
				CODE_SIGN_STYLE = Automatic;
				CURRENT_PROJECT_VERSION = 1;
				DEVELOPMENT_TEAM = 7465NL4X4Y;
				GENERATE_INFOPLIST_FILE = YES;
				IPHONEOS_DEPLOYMENT_TARGET = 18.2;
				MARKETING_VERSION = 1.0;
				PRODUCT_BUNDLE_IDENTIFIER = com.el.elkeyboard.ElKeyboardTests;
				PRODUCT_NAME = "$(TARGET_NAME)";
				SWIFT_EMIT_LOC_STRINGS = NO;
				SWIFT_VERSION = 5.0;
				TARGETED_DEVICE_FAMILY = "1,2";
				TEST_HOST = "$(BUILT_PRODUCTS_DIR)/ElKeyboard.app/$(BUNDLE_EXECUTABLE_FOLDER_PATH)/ElKeyboard";
			};
			name = Debug;
		};
		EBA5C5182DCF935300599084 /* Release */ = {
			isa = XCBuildConfiguration;
			buildSettings = {
				BUNDLE_LOADER = "$(TEST_HOST)";
				CODE_SIGN_STYLE = Automatic;
				CURRENT_PROJECT_VERSION = 1;
				DEVELOPMENT_TEAM = 7465NL4X4Y;
				GENERATE_INFOPLIST_FILE = YES;
				IPHONEOS_DEPLOYMENT_TARGET = 18.2;
				MARKETING_VERSION = 1.0;
				PRODUCT_BUNDLE_IDENTIFIER = com.el.elkeyboard.ElKeyboardTests;
				PRODUCT_NAME = "$(TARGET_NAME)";
				SWIFT_EMIT_LOC_STRINGS = NO;
				SWIFT_VERSION = 5.0;
				TARGETED_DEVICE_FAMILY = "1,2";
				TEST_HOST = "$(BUILT_PRODUCTS_DIR)/ElKeyboard.app/$(BUNDLE_EXECUTABLE_FOLDER_PATH)/ElKeyboard";
			};
			name = Release;
		};
		EBA5C51A2DCF935300599084 /* Debug */ = {
			isa = XCBuildConfiguration;
			buildSettings = {
				CODE_SIGN_STYLE = Automatic;
				CURRENT_PROJECT_VERSION = 1;
				DEVELOPMENT_TEAM = 7465NL4X4Y;
				GENERATE_INFOPLIST_FILE = YES;
				MARKETING_VERSION = 1.0;
				PRODUCT_BUNDLE_IDENTIFIER = com.el.elkeyboard.ElKeyboardUITests;
				PRODUCT_NAME = "$(TARGET_NAME)";
				SWIFT_EMIT_LOC_STRINGS = NO;
				SWIFT_VERSION = 5.0;
				TARGETED_DEVICE_FAMILY = "1,2";
				TEST_TARGET_NAME = ElKeyboard;
			};
			name = Debug;
		};
		EBA5C51B2DCF935300599084 /* Release */ = {
			isa = XCBuildConfiguration;
			buildSettings = {
				CODE_SIGN_STYLE = Automatic;
				CURRENT_PROJECT_VERSION = 1;
				DEVELOPMENT_TEAM = 7465NL4X4Y;
				GENERATE_INFOPLIST_FILE = YES;
				MARKETING_VERSION = 1.0;
				PRODUCT_BUNDLE_IDENTIFIER = com.el.elkeyboard.ElKeyboardUITests;
				PRODUCT_NAME = "$(TARGET_NAME)";
				SWIFT_EMIT_LOC_STRINGS = NO;
				SWIFT_VERSION = 5.0;
				TARGETED_DEVICE_FAMILY = "1,2";
				TEST_TARGET_NAME = ElKeyboard;
			};
			name = Release;
		};
		EBA5C52A2DD0A40D00599084 /* Debug */ = {
			isa = XCBuildConfiguration;
			buildSettings = {
				CODE_SIGN_STYLE = Automatic;
				CURRENT_PROJECT_VERSION = 1;
				DEVELOPMENT_TEAM = 7465NL4X4Y;
				GENERATE_INFOPLIST_FILE = YES;
				INFOPLIST_FILE = ElKeyboardExtension/Info.plist;
				INFOPLIST_KEY_CFBundleDisplayName = ElKeyboardExtension;
				INFOPLIST_KEY_NSHumanReadableCopyright = "";
				LD_RUNPATH_SEARCH_PATHS = (
					"$(inherited)",
					"@executable_path/Frameworks",
					"@executable_path/../../Frameworks",
				);
				MARKETING_VERSION = 1.0;
				PRODUCT_BUNDLE_IDENTIFIER = com.el.elkeyboard.ElKeyboard.ElKeyboardExtension;
				PRODUCT_NAME = "$(TARGET_NAME)";
				SKIP_INSTALL = YES;
				SWIFT_EMIT_LOC_STRINGS = YES;
				SWIFT_VERSION = 5.0;
				TARGETED_DEVICE_FAMILY = "1,2";
			};
			name = Debug;
		};
		EBA5C52B2DD0A40D00599084 /* Release */ = {
			isa = XCBuildConfiguration;
			buildSettings = {
				CODE_SIGN_STYLE = Automatic;
				CURRENT_PROJECT_VERSION = 1;
				DEVELOPMENT_TEAM = 7465NL4X4Y;
				GENERATE_INFOPLIST_FILE = YES;
				INFOPLIST_FILE = ElKeyboardExtension/Info.plist;
				INFOPLIST_KEY_CFBundleDisplayName = ElKeyboardExtension;
				INFOPLIST_KEY_NSHumanReadableCopyright = "";
				LD_RUNPATH_SEARCH_PATHS = (
					"$(inherited)",
					"@executable_path/Frameworks",
					"@executable_path/../../Frameworks",
				);
				MARKETING_VERSION = 1.0;
				PRODUCT_BUNDLE_IDENTIFIER = com.el.elkeyboard.ElKeyboard.ElKeyboardExtension;
				PRODUCT_NAME = "$(TARGET_NAME)";
				SKIP_INSTALL = YES;
				SWIFT_EMIT_LOC_STRINGS = YES;
				SWIFT_VERSION = 5.0;
				TARGETED_DEVICE_FAMILY = "1,2";
			};
			name = Release;
		};
/* End XCBuildConfiguration section */

/* Begin XCConfigurationList section */
		EBA5C4EA2DCF935000599084 /* Build configuration list for PBXProject "ElKeyboard" */ = {
			isa = XCConfigurationList;
			buildConfigurations = (
				EBA5C5112DCF935300599084 /* Debug */,
				EBA5C5122DCF935300599084 /* Release */,
			);
			defaultConfigurationIsVisible = 0;
			defaultConfigurationName = Release;
		};
		EBA5C5132DCF935300599084 /* Build configuration list for PBXNativeTarget "ElKeyboard" */ = {
			isa = XCConfigurationList;
			buildConfigurations = (
				EBA5C5142DCF935300599084 /* Debug */,
				EBA5C5152DCF935300599084 /* Release */,
			);
			defaultConfigurationIsVisible = 0;
			defaultConfigurationName = Release;
		};
		EBA5C5162DCF935300599084 /* Build configuration list for PBXNativeTarget "ElKeyboardTests" */ = {
			isa = XCConfigurationList;
			buildConfigurations = (
				EBA5C5172DCF935300599084 /* Debug */,
				EBA5C5182DCF935300599084 /* Release */,
			);
			defaultConfigurationIsVisible = 0;
			defaultConfigurationName = Release;
		};
		EBA5C5192DCF935300599084 /* Build configuration list for PBXNativeTarget "ElKeyboardUITests" */ = {
			isa = XCConfigurationList;
			buildConfigurations = (
				EBA5C51A2DCF935300599084 /* Debug */,
				EBA5C51B2DCF935300599084 /* Release */,
			);
			defaultConfigurationIsVisible = 0;
			defaultConfigurationName = Release;
		};
		EBA5C5292DD0A40D00599084 /* Build configuration list for PBXNativeTarget "ElKeyboardExtension" */ = {
			isa = XCConfigurationList;
			buildConfigurations = (
				EBA5C52A2DD0A40D00599084 /* Debug */,
				EBA5C52B2DD0A40D00599084 /* Release */,
			);
			defaultConfigurationIsVisible = 0;
			defaultConfigurationName = Release;
		};
/* End XCConfigurationList section */
	};
	rootObject = EBA5C4E72DCF935000599084 /* Project object */;
}
